# THIS IS AN AUTOGENERATED FILE. DO NOT EDIT THIS FILE DIRECTLY.
# yarn lockfile v1


"@harnessio/ff-javascript-client-sdk@^1.4.11":
  version "1.4.11"
  resolved "https://registry.yarnpkg.com/@harnessio/ff-javascript-client-sdk/-/ff-javascript-client-sdk-1.4.11.tgz#ef64244312e451b455019f157b9cd14f7709eed0"
  integrity sha512-/czZXIxq0Dc8K0ZgBgn7vNIfgo5bMRiOBxQgc1C5ZJ7/eerWxfL2CIZ8n+ueHGSvzxYGpXi5GrrBHhKaW/YpUQ==
  dependencies:
    jwt-decode "^3.1.2"
    mitt "^2.1.0"

jwt-decode@^3.1.2:
  version "3.1.2"
  resolved "https://registry.yarnpkg.com/jwt-decode/-/jwt-decode-3.1.2.tgz#3fb319f3675a2df0c2895c8f5e9fa4b67b04ed59"
  integrity sha512-UfpWE/VZn0iP50d8cz9NrZLM9lSWhcJ+0Gt/nm4by88UL+J1SiKN8/5dkjMmbEzwL2CAe+67GsegCbIKtbp75A==

mitt@^2.1.0:
  version "2.1.0"
  resolved "https://registry.yarnpkg.com/mitt/-/mitt-2.1.0.tgz#f740577c23176c6205b121b2973514eade1b2230"
  integrity sha512-ILj2TpLiysu2wkBbWjAmww7TkZb65aiQO+DkVdUTBpBXq+MHYiETENkKFMtsJZX1Lf4pe4QOrTSjIfUwN5lRdg==
